
Microsoft Visual Studio Solution File, Format Version 12.00
Project("{2150E333-8FDC-42A3-9474-1A3956D46DE8}") = "Solution Items", "Solution Items", "{6A9871E5-9A5A-4F5B-AACB-ED20B6C46461}"
	ProjectSection(SolutionItems) = preProject
		.editorconfig = .editorconfig
		.gitignore = .gitignore
		README.md = README.md
	EndProjectSection
EndProject
Project("{2150E333-8FDC-42A3-9474-1A3956D46DE8}") = "CSharp 11 and .NET 7", "CSharp 11 and .NET 7", "{B3068341-EC87-4359-AB33-C0E2C5770C1B}"
EndProject
Project("{FAE04EC0-301F-11D3-BF4B-00C04F79EFBC}") = "HelloCS", "src\HelloCS\HelloCS.csproj", "{F785BF94-5C98-4F2D-B267-95198BC0C1ED}"
EndProject
Global
	GlobalSection(SolutionConfigurationPlatforms) = preSolution
		Debug|Any CPU = Debug|Any CPU
		Release|Any CPU = Release|Any CPU
	EndGlobalSection
	GlobalSection(NestedProjects) = preSolution
		{F785BF94-5C98-4F2D-B267-95198BC0C1ED} = {B3068341-EC87-4359-AB33-C0E2C5770C1B}
	EndGlobalSection
	GlobalSection(ProjectConfigurationPlatforms) = postSolution
		{F785BF94-5C98-4F2D-B267-95198BC0C1ED}.Debug|Any CPU.ActiveCfg = Debug|Any CPU
		{F785BF94-5C98-4F2D-B267-95198BC0C1ED}.Debug|Any CPU.Build.0 = Debug|Any CPU
		{F785BF94-5C98-4F2D-B267-95198BC0C1ED}.Release|Any CPU.ActiveCfg = Release|Any CPU
		{F785BF94-5C98-4F2D-B267-95198BC0C1ED}.Release|Any CPU.Build.0 = Release|Any CPU
	EndGlobalSection
EndGlobal
